
Microsoft Visual Studio Solution File, Format Version 10.00
# Visual Studio 2008
Project("{FAE04EC0-301F-11D3-BF4B-00C04F79EFBC}") = "NUnit.Specifications.AutoMocking.Moq", "NUnit.Specifications.AutoMocking.Moq\NUnit.Specifications.AutoMocking.Moq.csproj", "{35922B10-15D0-4214-897B-3398C5626EE4}"
EndProject
Project("{FAE04EC0-301F-11D3-BF4B-00C04F79EFBC}") = "NUnit.Specifications.AutoMocking.Example", "NUnit.Specifications.AutoMocking.Example\NUnit.Specifications.AutoMocking.Example.csproj", "{DB028A83-6051-4718-A37D-5CE643BD5BCD}"
EndProject
Project("{FAE04EC0-301F-11D3-BF4B-00C04F79EFBC}") = "NUnit.Specifications.AutoMocking.Rhino", "NUnit.Specifications.AutoMocking.Rhino\NUnit.Specifications.AutoMocking.Rhino.csproj", "{E5587C78-47AF-4177-A0F9-F472FB006B60}"
EndProject
Global
	GlobalSection(SolutionConfigurationPlatforms) = preSolution
		Debug|Any CPU = Debug|Any CPU
		Release|Any CPU = Release|Any CPU
	EndGlobalSection
	GlobalSection(ProjectConfigurationPlatforms) = postSolution
		{35922B10-15D0-4214-897B-3398C5626EE4}.Debug|Any CPU.ActiveCfg = Debug|Any CPU
		{35922B10-15D0-4214-897B-3398C5626EE4}.Debug|Any CPU.Build.0 = Debug|Any CPU
		{35922B10-15D0-4214-897B-3398C5626EE4}.Release|Any CPU.ActiveCfg = Release|Any CPU
		{35922B10-15D0-4214-897B-3398C5626EE4}.Release|Any CPU.Build.0 = Release|Any CPU
		{DB028A83-6051-4718-A37D-5CE643BD5BCD}.Debug|Any CPU.ActiveCfg = Debug|Any CPU
		{DB028A83-6051-4718-A37D-5CE643BD5BCD}.Debug|Any CPU.Build.0 = Debug|Any CPU
		{DB028A83-6051-4718-A37D-5CE643BD5BCD}.Release|Any CPU.ActiveCfg = Release|Any CPU
		{DB028A83-6051-4718-A37D-5CE643BD5BCD}.Release|Any CPU.Build.0 = Release|Any CPU
		{E5587C78-47AF-4177-A0F9-F472FB006B60}.Debug|Any CPU.ActiveCfg = Debug|Any CPU
		{E5587C78-47AF-4177-A0F9-F472FB006B60}.Debug|Any CPU.Build.0 = Debug|Any CPU
		{E5587C78-47AF-4177-A0F9-F472FB006B60}.Release|Any CPU.ActiveCfg = Release|Any CPU
		{E5587C78-47AF-4177-A0F9-F472FB006B60}.Release|Any CPU.Build.0 = Release|Any CPU
	EndGlobalSection
	GlobalSection(SolutionProperties) = preSolution
		HideSolutionNode = FALSE
	EndGlobalSection
EndGlobal
